
Microsoft Visual Studio Solution File, Format Version 12.00
# Visual Studio Version 16
VisualStudioVersion = 16.0.29728.190
MinimumVisualStudioVersion = 10.0.40219.1
Project("{FAE04EC0-301F-11D3-BF4B-00C04F79EFBC}") = "PiratenWeltEasy", "PiratenWeltEasy\PiratenWeltEasy.csproj", "{921D18CA-7379-400F-A8A6-4193F5B44740}"
EndProject
Global
	GlobalSection(SolutionConfigurationPlatforms) = preSolution
		Debug|Any CPU = Debug|Any CPU
		Release|Any CPU = Release|Any CPU
	EndGlobalSection
	GlobalSection(ProjectConfigurationPlatforms) = postSolution
		{921D18CA-7379-400F-A8A6-4193F5B44740}.Debug|Any CPU.ActiveCfg = Debug|Any CPU
		{921D18CA-7379-400F-A8A6-4193F5B44740}.Debug|Any CPU.Build.0 = Debug|Any CPU
		{921D18CA-7379-400F-A8A6-4193F5B44740}.Release|Any CPU.ActiveCfg = Release|Any CPU
		{921D18CA-7379-400F-A8A6-4193F5B44740}.Release|Any CPU.Build.0 = Release|Any CPU
	EndGlobalSection
	GlobalSection(SolutionProperties) = preSolution
		HideSolutionNode = FALSE
	EndGlobalSection
	GlobalSection(ExtensibilityGlobals) = postSolution
		SolutionGuid = {583FC84B-24B5-40CE-A1D5-8B2AB4BA4328}
	EndGlobalSection
EndGlobal
